
Microsoft Visual Studio Solution File, Format Version 12.00
# Visual Studio Version 17
VisualStudioVersion = 17.4.33103.184
MinimumVisualStudioVersion = 10.0.40219.1
Project("{FAE04EC0-301F-11D3-BF4B-00C04F79EFBC}") = "Connect 4", "Connect 4.csproj", "{FD4B2B76-0D67-481C-B444-7B7952214859}"
EndProject
Global
	GlobalSection(SolutionConfigurationPlatforms) = preSolution
		Debug|Any CPU = Debug|Any CPU
		Release|Any CPU = Release|Any CPU
	EndGlobalSection
	GlobalSection(ProjectConfigurationPlatforms) = postSolution
		{FD4B2B76-0D67-481C-B444-7B7952214859}.Debug|Any CPU.ActiveCfg = Debug|Any CPU
		{FD4B2B76-0D67-481C-B444-7B7952214859}.Debug|Any CPU.Build.0 = Debug|Any CPU
		{FD4B2B76-0D67-481C-B444-7B7952214859}.Release|Any CPU.ActiveCfg = Release|Any CPU
		{FD4B2B76-0D67-481C-B444-7B7952214859}.Release|Any CPU.Build.0 = Release|Any CPU
	EndGlobalSection
	GlobalSection(SolutionProperties) = preSolution
		HideSolutionNode = FALSE
	EndGlobalSection
	GlobalSection(ExtensibilityGlobals) = postSolution
		SolutionGuid = {CF7DF4E9-6A40-4714-AD9B-6E96DFA6050A}
	EndGlobalSection
EndGlobal
